
Microsoft Visual Studio Solution File, Format Version 12.00
# Visual Studio Version 16
VisualStudioVersion = 16.6.30114.105
MinimumVisualStudioVersion = 10.0.40219.1
Project("{FAE04EC0-301F-11D3-BF4B-00C04F79EFBC}") = "StoreBL", "StoreBL\StoreBL.csproj", "{D771B190-4957-4A25-A785-CA89652ED7EA}"
EndProject
Project("{FAE04EC0-301F-11D3-BF4B-00C04F79EFBC}") = "StoreDL", "StoreDL\StoreDL.csproj", "{D169E003-FE2E-48D2-B25C-1E6EF339C9D8}"
EndProject
Project("{FAE04EC0-301F-11D3-BF4B-00C04F79EFBC}") = "StoreModels", "StoreModels\StoreModels.csproj", "{F631DAB3-95DC-4B12-9105-3F76D144EBC2}"
EndProject
Project("{FAE04EC0-301F-11D3-BF4B-00C04F79EFBC}") = "StoreTests", "StoreTests\StoreTests.csproj", "{785AF406-EA3D-45EA-87B4-EA9367D81C27}"
EndProject
Project("{FAE04EC0-301F-11D3-BF4B-00C04F79EFBC}") = "WebUI", "WebUI\WebUI.csproj", "{2099986D-A725-4BEB-8C74-9FE3CA6A8963}"
EndProject
Global
	GlobalSection(SolutionConfigurationPlatforms) = preSolution
		Debug|Any CPU = Debug|Any CPU
		Debug|x64 = Debug|x64
		Debug|x86 = Debug|x86
		Release|Any CPU = Release|Any CPU
		Release|x64 = Release|x64
		Release|x86 = Release|x86
	EndGlobalSection
	GlobalSection(SolutionProperties) = preSolution
		HideSolutionNode = FALSE
	EndGlobalSection
	GlobalSection(ProjectConfigurationPlatforms) = postSolution
		{A3FF088E-3EA7-409C-B93B-7D890477A92E}.Debug|Any CPU.ActiveCfg = Debug|Any CPU
		{A3FF088E-3EA7-409C-B93B-7D890477A92E}.Debug|Any CPU.Build.0 = Debug|Any CPU
		{A3FF088E-3EA7-409C-B93B-7D890477A92E}.Debug|x64.ActiveCfg = Debug|Any CPU
		{A3FF088E-3EA7-409C-B93B-7D890477A92E}.Debug|x64.Build.0 = Debug|Any CPU
		{A3FF088E-3EA7-409C-B93B-7D890477A92E}.Debug|x86.ActiveCfg = Debug|Any CPU
		{A3FF088E-3EA7-409C-B93B-7D890477A92E}.Debug|x86.Build.0 = Debug|Any CPU
		{A3FF088E-3EA7-409C-B93B-7D890477A92E}.Release|Any CPU.ActiveCfg = Release|Any CPU
		{A3FF088E-3EA7-409C-B93B-7D890477A92E}.Release|Any CPU.Build.0 = Release|Any CPU
		{A3FF088E-3EA7-409C-B93B-7D890477A92E}.Release|x64.ActiveCfg = Release|Any CPU
		{A3FF088E-3EA7-409C-B93B-7D890477A92E}.Release|x64.Build.0 = Release|Any CPU
		{A3FF088E-3EA7-409C-B93B-7D890477A92E}.Release|x86.ActiveCfg = Release|Any CPU
		{A3FF088E-3EA7-409C-B93B-7D890477A92E}.Release|x86.Build.0 = Release|Any CPU
		{D771B190-4957-4A25-A785-CA89652ED7EA}.Debug|Any CPU.ActiveCfg = Debug|Any CPU
		{D771B190-4957-4A25-A785-CA89652ED7EA}.Debug|Any CPU.Build.0 = Debug|Any CPU
		{D771B190-4957-4A25-A785-CA89652ED7EA}.Debug|x64.ActiveCfg = Debug|Any CPU
		{D771B190-4957-4A25-A785-CA89652ED7EA}.Debug|x64.Build.0 = Debug|Any CPU
		{D771B190-4957-4A25-A785-CA89652ED7EA}.Debug|x86.ActiveCfg = Debug|Any CPU
		{D771B190-4957-4A25-A785-CA89652ED7EA}.Debug|x86.Build.0 = Debug|Any CPU
		{D771B190-4957-4A25-A785-CA89652ED7EA}.Release|Any CPU.ActiveCfg = Release|Any CPU
		{D771B190-4957-4A25-A785-CA89652ED7EA}.Release|Any CPU.Build.0 = Release|Any CPU
		{D771B190-4957-4A25-A785-CA89652ED7EA}.Release|x64.ActiveCfg = Release|Any CPU
		{D771B190-4957-4A25-A785-CA89652ED7EA}.Release|x64.Build.0 = Release|Any CPU
		{D771B190-4957-4A25-A785-CA89652ED7EA}.Release|x86.ActiveCfg = Release|Any CPU
		{D771B190-4957-4A25-A785-CA89652ED7EA}.Release|x86.Build.0 = Release|Any CPU
		{D169E003-FE2E-48D2-B25C-1E6EF339C9D8}.Debug|Any CPU.ActiveCfg = Debug|Any CPU
		{D169E003-FE2E-48D2-B25C-1E6EF339C9D8}.Debug|Any CPU.Build.0 = Debug|Any CPU
		{D169E003-FE2E-48D2-B25C-1E6EF339C9D8}.Debug|x64.ActiveCfg = Debug|Any CPU
		{D169E003-FE2E-48D2-B25C-1E6EF339C9D8}.Debug|x64.Build.0 = Debug|Any CPU
		{D169E003-FE2E-48D2-B25C-1E6EF339C9D8}.Debug|x86.ActiveCfg = Debug|Any CPU
		{D169E003-FE2E-48D2-B25C-1E6EF339C9D8}.Debug|x86.Build.0 = Debug|Any CPU
		{D169E003-FE2E-48D2-B25C-1E6EF339C9D8}.Release|Any CPU.ActiveCfg = Release|Any CPU
		{D169E003-FE2E-48D2-B25C-1E6EF339C9D8}.Release|Any CPU.Build.0 = Release|Any CPU
		{D169E003-FE2E-48D2-B25C-1E6EF339C9D8}.Release|x64.ActiveCfg = Release|Any CPU
		{D169E003-FE2E-48D2-B25C-1E6EF339C9D8}.Release|x64.Build.0 = Release|Any CPU
		{D169E003-FE2E-48D2-B25C-1E6EF339C9D8}.Release|x86.ActiveCfg = Release|Any CPU
		{D169E003-FE2E-48D2-B25C-1E6EF339C9D8}.Release|x86.Build.0 = Release|Any CPU
		{F631DAB3-95DC-4B12-9105-3F76D144EBC2}.Debug|Any CPU.ActiveCfg = Debug|Any CPU
		{F631DAB3-95DC-4B12-9105-3F76D144EBC2}.Debug|Any CPU.Build.0 = Debug|Any CPU
		{F631DAB3-95DC-4B12-9105-3F76D144EBC2}.Debug|x64.ActiveCfg = Debug|Any CPU
		{F631DAB3-95DC-4B12-9105-3F76D144EBC2}.Debug|x64.Build.0 = Debug|Any CPU
		{F631DAB3-95DC-4B12-9105-3F76D144EBC2}.Debug|x86.ActiveCfg = Debug|Any CPU
		{F631DAB3-95DC-4B12-9105-3F76D144EBC2}.Debug|x86.Build.0 = Debug|Any CPU
		{F631DAB3-95DC-4B12-9105-3F76D144EBC2}.Release|Any CPU.ActiveCfg = Release|Any CPU
		{F631DAB3-95DC-4B12-9105-3F76D144EBC2}.Release|Any CPU.Build.0 = Release|Any CPU
		{F631DAB3-95DC-4B12-9105-3F76D144EBC2}.Release|x64.ActiveCfg = Release|Any CPU
		{F631DAB3-95DC-4B12-9105-3F76D144EBC2}.Release|x64.Build.0 = Release|Any CPU
		{F631DAB3-95DC-4B12-9105-3F76D144EBC2}.Release|x86.ActiveCfg = Release|Any CPU
		{F631DAB3-95DC-4B12-9105-3F76D144EBC2}.Release|x86.Build.0 = Release|Any CPU
		{8750A0BE-A04E-4B4E-AF8B-F97DE766803D}.Debug|Any CPU.ActiveCfg = Debug|Any CPU
		{8750A0BE-A04E-4B4E-AF8B-F97DE766803D}.Debug|Any CPU.Build.0 = Debug|Any CPU
		{8750A0BE-A04E-4B4E-AF8B-F97DE766803D}.Debug|x64.ActiveCfg = Debug|Any CPU
		{8750A0BE-A04E-4B4E-AF8B-F97DE766803D}.Debug|x64.Build.0 = Debug|Any CPU
		{8750A0BE-A04E-4B4E-AF8B-F97DE766803D}.Debug|x86.ActiveCfg = Debug|Any CPU
		{8750A0BE-A04E-4B4E-AF8B-F97DE766803D}.Debug|x86.Build.0 = Debug|Any CPU
		{8750A0BE-A04E-4B4E-AF8B-F97DE766803D}.Release|Any CPU.ActiveCfg = Release|Any CPU
		{8750A0BE-A04E-4B4E-AF8B-F97DE766803D}.Release|Any CPU.Build.0 = Release|Any CPU
		{8750A0BE-A04E-4B4E-AF8B-F97DE766803D}.Release|x64.ActiveCfg = Release|Any CPU
		{8750A0BE-A04E-4B4E-AF8B-F97DE766803D}.Release|x64.Build.0 = Release|Any CPU
		{8750A0BE-A04E-4B4E-AF8B-F97DE766803D}.Release|x86.ActiveCfg = Release|Any CPU
		{8750A0BE-A04E-4B4E-AF8B-F97DE766803D}.Release|x86.Build.0 = Release|Any CPU
		{785AF406-EA3D-45EA-87B4-EA9367D81C27}.Debug|Any CPU.ActiveCfg = Debug|Any CPU
		{785AF406-EA3D-45EA-87B4-EA9367D81C27}.Debug|Any CPU.Build.0 = Debug|Any CPU
		{785AF406-EA3D-45EA-87B4-EA9367D81C27}.Debug|x64.ActiveCfg = Debug|Any CPU
		{785AF406-EA3D-45EA-87B4-EA9367D81C27}.Debug|x64.Build.0 = Debug|Any CPU
		{785AF406-EA3D-45EA-87B4-EA9367D81C27}.Debug|x86.ActiveCfg = Debug|Any CPU
		{785AF406-EA3D-45EA-87B4-EA9367D81C27}.Debug|x86.Build.0 = Debug|Any CPU
		{785AF406-EA3D-45EA-87B4-EA9367D81C27}.Release|Any CPU.ActiveCfg = Release|Any CPU
		{785AF406-EA3D-45EA-87B4-EA9367D81C27}.Release|Any CPU.Build.0 = Release|Any CPU
		{785AF406-EA3D-45EA-87B4-EA9367D81C27}.Release|x64.ActiveCfg = Release|Any CPU
		{785AF406-EA3D-45EA-87B4-EA9367D81C27}.Release|x64.Build.0 = Release|Any CPU
		{785AF406-EA3D-45EA-87B4-EA9367D81C27}.Release|x86.ActiveCfg = Release|Any CPU
		{785AF406-EA3D-45EA-87B4-EA9367D81C27}.Release|x86.Build.0 = Release|Any CPU
		{2099986D-A725-4BEB-8C74-9FE3CA6A8963}.Debug|Any CPU.ActiveCfg = Debug|Any CPU
		{2099986D-A725-4BEB-8C74-9FE3CA6A8963}.Debug|Any CPU.Build.0 = Debug|Any CPU
		{2099986D-A725-4BEB-8C74-9FE3CA6A8963}.Debug|x64.ActiveCfg = Debug|Any CPU
		{2099986D-A725-4BEB-8C74-9FE3CA6A8963}.Debug|x64.Build.0 = Debug|Any CPU
		{2099986D-A725-4BEB-8C74-9FE3CA6A8963}.Debug|x86.ActiveCfg = Debug|Any CPU
		{2099986D-A725-4BEB-8C74-9FE3CA6A8963}.Debug|x86.Build.0 = Debug|Any CPU
		{2099986D-A725-4BEB-8C74-9FE3CA6A8963}.Release|Any CPU.ActiveCfg = Release|Any CPU
		{2099986D-A725-4BEB-8C74-9FE3CA6A8963}.Release|Any CPU.Build.0 = Release|Any CPU
		{2099986D-A725-4BEB-8C74-9FE3CA6A8963}.Release|x64.ActiveCfg = Release|Any CPU
		{2099986D-A725-4BEB-8C74-9FE3CA6A8963}.Release|x64.Build.0 = Release|Any CPU
		{2099986D-A725-4BEB-8C74-9FE3CA6A8963}.Release|x86.ActiveCfg = Release|Any CPU
		{2099986D-A725-4BEB-8C74-9FE3CA6A8963}.Release|x86.Build.0 = Release|Any CPU
	EndGlobalSection
EndGlobal
